// !$*UTF8*$!
{
	archiveVersion = 1;
	classes = {
	};
	objectVersion = 55;
	objects = {

/* Begin PBXBuildFile section */
		276C0B542742D7C000037B30 /* TestViewController.swift in Sources */ = {isa = PBXBuildFile; fileRef = 276C0B532742D7C000037B30 /* TestViewController.swift */; };
		686B3CFB273FB91500A7550A /* AppDelegate.swift in Sources */ = {isa = PBXBuildFile; fileRef = 686B3CFA273FB91500A7550A /* AppDelegate.swift */; };
		686B3CFD273FB91500A7550A /* SceneDelegate.swift in Sources */ = {isa = PBXBuildFile; fileRef = 686B3CFC273FB91500A7550A /* SceneDelegate.swift */; };
		686B3CFF273FB91500A7550A /* ViewController.swift in Sources */ = {isa = PBXBuildFile; fileRef = 686B3CFE273FB91500A7550A /* ViewController.swift */; };
		686B3D02273FB91500A7550A /* Main.storyboard in Resources */ = {isa = PBXBuildFile; fileRef = 686B3D00273FB91500A7550A /* Main.storyboard */; };
		686B3D04273FB91600A7550A /* Assets.xcassets in Resources */ = {isa = PBXBuildFile; fileRef = 686B3D03273FB91600A7550A /* Assets.xcassets */; };
		686B3D07273FB91600A7550A /* LaunchScreen.storyboard in Resources */ = {isa = PBXBuildFile; fileRef = 686B3D05273FB91600A7550A /* LaunchScreen.storyboard */; };
		686E3B1527429D2200BC5638 /* AppearenceViewController.swift in Sources */ = {isa = PBXBuildFile; fileRef = 686E3B1427429D2200BC5638 /* AppearenceViewController.swift */; };
		686E3B172742A10E00BC5638 /* InfoViewController.swift in Sources */ = {isa = PBXBuildFile; fileRef = 686E3B162742A10E00BC5638 /* InfoViewController.swift */; };
/* End PBXBuildFile section */

/* Begin PBXFileReference section */
		276C0B532742D7C000037B30 /* TestViewController.swift */ = {isa = PBXFileReference; lastKnownFileType = sourcecode.swift; path = TestViewController.swift; sourceTree = "<group>"; };
		686B3CF7273FB91500A7550A /* WeekDayFinder.app */ = {isa = PBXFileReference; explicitFileType = wrapper.application; includeInIndex = 0; path = WeekDayFinder.app; sourceTree = BUILT_PRODUCTS_DIR; };
		686B3CFA273FB91500A7550A /* AppDelegate.swift */ = {isa = PBXFileReference; lastKnownFileType = sourcecode.swift; path = AppDelegate.swift; sourceTree = "<group>"; };
		686B3CFC273FB91500A7550A /* SceneDelegate.swift */ = {isa = PBXFileReference; lastKnownFileType = sourcecode.swift; path = SceneDelegate.swift; sourceTree = "<group>"; };
		686B3CFE273FB91500A7550A /* ViewController.swift */ = {isa = PBXFileReference; lastKnownFileType = sourcecode.swift; path = ViewController.swift; sourceTree = "<group>"; };
		686B3D01273FB91500A7550A /* Base */ = {isa = PBXFileReference; lastKnownFileType = file.storyboard; name = Base; path = Base.lproj/Main.storyboard; sourceTree = "<group>"; };
		686B3D03273FB91600A7550A /* Assets.xcassets */ = {isa = PBXFileReference; lastKnownFileType = folder.assetcatalog; path = Assets.xcassets; sourceTree = "<group>"; };
		686B3D06273FB91600A7550A /* Base */ = {isa = PBXFileReference; lastKnownFileType = file.storyboard; name = Base; path = Base.lproj/LaunchScreen.storyboard; sourceTree = "<group>"; };
		686B3D08273FB91600A7550A /* Info.plist */ = {isa = PBXFileReference; lastKnownFileType = text.plist.xml; path = Info.plist; sourceTree = "<group>"; };
		686E3B1427429D2200BC5638 /* AppearenceViewController.swift */ = {isa = PBXFileReference; lastKnownFileType = sourcecode.swift; path = AppearenceViewController.swift; sourceTree = "<group>"; };
		686E3B162742A10E00BC5638 /* InfoViewController.swift */ = {isa = PBXFileReference; lastKnownFileType = sourcecode.swift; path = InfoViewController.swift; sourceTree = "<group>"; };
/* End PBXFileReference section */

/* Begin PBXFrameworksBuildPhase section */
		686B3CF4273FB91500A7550A /* Frameworks */ = {
			isa = PBXFrameworksBuildPhase;
			buildActionMask = 2147483647;
			files = (
			);
			runOnlyForDeploymentPostprocessing = 0;
		};
/* End PBXFrameworksBuildPhase section */

/* Begin PBXGroup section */
		686B3CEE273FB91500A7550A = {
			isa = PBXGroup;
			children = (
				686B3CF9273FB91500A7550A /* WeekDayFinder */,
				686B3CF8273FB91500A7550A /* Products */,
			);
			sourceTree = "<group>";
		};
		686B3CF8273FB91500A7550A /* Products */ = {
			isa = PBXGroup;
			children = (
				686B3CF7273FB91500A7550A /* WeekDayFinder.app */,
			);
			name = Products;
			sourceTree = "<group>";
		};
		686B3CF9273FB91500A7550A /* WeekDayFinder */ = {
			isa = PBXGroup;
			children = (
				686E3B1127429BF800BC5638 /* Delegate */,
				686E3B1227429C0500BC5638 /* Controllers */,
				686E3B1327429C1A00BC5638 /* Views */,
				686B3D03273FB91600A7550A /* Assets.xcassets */,
				686B3D08273FB91600A7550A /* Info.plist */,
			);
			path = WeekDayFinder;
			sourceTree = "<group>";
		};
		686E3B1127429BF800BC5638 /* Delegate */ = {
			isa = PBXGroup;
			children = (
				686B3CFA273FB91500A7550A /* AppDelegate.swift */,
				686B3CFC273FB91500A7550A /* SceneDelegate.swift */,
			);
			path = Delegate;
			sourceTree = "<group>";
		};
		686E3B1227429C0500BC5638 /* Controllers */ = {
			isa = PBXGroup;
			children = (
				686B3CFE273FB91500A7550A /* ViewController.swift */,
				686E3B1427429D2200BC5638 /* AppearenceViewController.swift */,
				686E3B162742A10E00BC5638 /* InfoViewController.swift */,
				276C0B532742D7C000037B30 /* TestViewController.swift */,
			);
			path = Controllers;
			sourceTree = "<group>";
		};
		686E3B1327429C1A00BC5638 /* Views */ = {
			isa = PBXGroup;
			children = (
				686B3D00273FB91500A7550A /* Main.storyboard */,
				686B3D05273FB91600A7550A /* LaunchScreen.storyboard */,
			);
			path = Views;
			sourceTree = "<group>";
		};
/* End PBXGroup section */

/* Begin PBXNativeTarget section */
		686B3CF6273FB91500A7550A /* WeekDayFinder */ = {
			isa = PBXNativeTarget;
			buildConfigurationList = 686B3D0B273FB91600A7550A /* Build configuration list for PBXNativeTarget "WeekDayFinder" */;
			buildPhases = (
				686B3CF3273FB91500A7550A /* Sources */,
				686B3CF4273FB91500A7550A /* Frameworks */,
				686B3CF5273FB91500A7550A /* Resources */,
			);
			buildRules = (
			);
			dependencies = (
			);
			name = WeekDayFinder;
			productName = WeekDayFinder;
			productReference = 686B3CF7273FB91500A7550A /* WeekDayFinder.app */;
			productType = "com.apple.product-type.application";
		};
/* End PBXNativeTarget section */

/* Begin PBXProject section */
		686B3CEF273FB91500A7550A /* Project object */ = {
			isa = PBXProject;
			attributes = {
				BuildIndependentTargetsInParallel = 1;
				LastSwiftUpdateCheck = 1310;
				LastUpgradeCheck = 1310;
				TargetAttributes = {
					686B3CF6273FB91500A7550A = {
						CreatedOnToolsVersion = 13.1;
					};
				};
			};
			buildConfigurationList = 686B3CF2273FB91500A7550A /* Build configuration list for PBXProject "WeekDayFinder" */;
			compatibilityVersion = "Xcode 13.0";
			developmentRegion = en;
			hasScannedForEncodings = 0;
			knownRegions = (
				en,
				Base,
			);
			mainGroup = 686B3CEE273FB91500A7550A;
			productRefGroup = 686B3CF8273FB91500A7550A /* Products */;
			projectDirPath = "";
			projectRoot = "";
			targets = (
				686B3CF6273FB91500A7550A /* WeekDayFinder */,
			);
		};
/* End PBXProject section */

/* Begin PBXResourcesBuildPhase section */
		686B3CF5273FB91500A7550A /* Resources */ = {
			isa = PBXResourcesBuildPhase;
			buildActionMask = 2147483647;
			files = (
				686B3D07273FB91600A7550A /* LaunchScreen.storyboard in Resources */,
				686B3D04273FB91600A7550A /* Assets.xcassets in Resources */,
				686B3D02273FB91500A7550A /* Main.storyboard in Resources */,
			);
			runOnlyForDeploymentPostprocessing = 0;
		};
/* End PBXResourcesBuildPhase section */

/* Begin PBXSourcesBuildPhase section */
		686B3CF3273FB91500A7550A /* Sources */ = {
			isa = PBXSourcesBuildPhase;
			buildActionMask = 2147483647;
			files = (
				686E3B1527429D2200BC5638 /* AppearenceViewController.swift in Sources */,
				686B3CFF273FB91500A7550A /* ViewController.swift in Sources */,
				686B3CFB273FB91500A7550A /* AppDelegate.swift in Sources */,
				686B3CFD273FB91500A7550A /* SceneDelegate.swift in Sources */,
				276C0B542742D7C000037B30 /* TestViewController.swift in Sources */,
				686E3B172742A10E00BC5638 /* InfoViewController.swift in Sources */,
			);
			runOnlyForDeploymentPostprocessing = 0;
		};
/* End PBXSourcesBuildPhase section */

/* Begin PBXVariantGroup section */
		686B3D00273FB91500A7550A /* Main.storyboard */ = {
			isa = PBXVariantGroup;
			children = (
				686B3D01273FB91500A7550A /* Base */,
			);
			name = Main.storyboard;
			sourceTree = "<group>";
		};
		686B3D05273FB91600A7550A /* LaunchScreen.storyboard */ = {
			isa = PBXVariantGroup;
			children = (
				686B3D06273FB91600A7550A /* Base */,
			);
			name = LaunchScreen.storyboard;
			sourceTree = "<group>";
		};
/* End PBXVariantGroup section */

/* Begin XCBuildConfiguration section */
		686B3D09273FB91600A7550A /* Debug */ = {
			isa = XCBuildConfiguration;
			buildSettings = {
				ALWAYS_SEARCH_USER_PATHS = NO;
				CLANG_ANALYZER_NONNULL = YES;
				CLANG_ANALYZER_NUMBER_OBJECT_CONVERSION = YES_AGGRESSIVE;
				CLANG_CXX_LANGUAGE_STANDARD = "gnu++17";
				CLANG_CXX_LIBRARY = "libc++";
				CLANG_ENABLE_MODULES = YES;
				CLANG_ENABLE_OBJC_ARC = YES;
				CLANG_ENABLE_OBJC_WEAK = YES;
				CLANG_WARN_BLOCK_CAPTURE_AUTORELEASING = YES;
				CLANG_WARN_BOOL_CONVERSION = YES;
				CLANG_WARN_COMMA = YES;
				CLANG_WARN_CONSTANT_CONVERSION = YES;
				CLANG_WARN_DEPRECATED_OBJC_IMPLEMENTATIONS = YES;
				CLANG_WARN_DIRECT_OBJC_ISA_USAGE = YES_ERROR;
				CLANG_WARN_DOCUMENTATION_COMMENTS = YES;
				CLANG_WARN_EMPTY_BODY = YES;
				CLANG_WARN_ENUM_CONVERSION = YES;
				CLANG_WARN_INFINITE_RECURSION = YES;
				CLANG_WARN_INT_CONVERSION = YES;
				CLANG_WARN_NON_LITERAL_NULL_CONVERSION = YES;
				CLANG_WARN_OBJC_IMPLICIT_RETAIN_SELF = YES;
				CLANG_WARN_OBJC_LITERAL_CONVERSION = YES;
				CLANG_WARN_OBJC_ROOT_CLASS = YES_ERROR;
				CLANG_WARN_QUOTED_INCLUDE_IN_FRAMEWORK_HEADER = YES;
				CLANG_WARN_RANGE_LOOP_ANALYSIS = YES;
				CLANG_WARN_STRICT_PROTOTYPES = YES;
				CLANG_WARN_SUSPICIOUS_MOVE = YES;
				CLANG_WARN_UNGUARDED_AVAILABILITY = YES_AGGRESSIVE;
				CLANG_WARN_UNREACHABLE_CODE = YES;
				CLANG_WARN__DUPLICATE_METHOD_MATCH = YES;
				COPY_PHASE_STRIP = NO;
				DEBUG_INFORMATION_FORMAT = dwarf;
				ENABLE_STRICT_OBJC_MSGSEND = YES;
				ENABLE_TESTABILITY = YES;
				GCC_C_LANGUAGE_STANDARD = gnu11;
				GCC_DYNAMIC_NO_PIC = NO;
				GCC_NO_COMMON_BLOCKS = YES;
				GCC_OPTIMIZATION_LEVEL = 0;
				GCC_PREPROCESSOR_DEFINITIONS = (
					"DEBUG=1",
					"$(inherited)",
				);
				GCC_WARN_64_TO_32_BIT_CONVERSION = YES;
				GCC_WARN_ABOUT_RETURN_TYPE = YES_ERROR;
				GCC_WARN_UNDECLARED_SELECTOR = YES;
				GCC_WARN_UNINITIALIZED_AUTOS = YES_AGGRESSIVE;
				GCC_WARN_UNUSED_FUNCTION = YES;
				GCC_WARN_UNUSED_VARIABLE = YES;
				IPHONEOS_DEPLOYMENT_TARGET = 15.0;
				MTL_ENABLE_DEBUG_INFO = INCLUDE_SOURCE;
				MTL_FAST_MATH = YES;
				ONLY_ACTIVE_ARCH = YES;
				SDKROOT = iphoneos;
				SWIFT_ACTIVE_COMPILATION_CONDITIONS = DEBUG;
				SWIFT_OPTIMIZATION_LEVEL = "-Onone";
			};
			name = Debug;
		};
		686B3D0A273FB91600A7550A /* Release */ = {
			isa = XCBuildConfiguration;
			buildSettings = {
				ALWAYS_SEARCH_USER_PATHS = NO;
				CLANG_ANALYZER_NONNULL = YES;
				CLANG_ANALYZER_NUMBER_OBJECT_CONVERSION = YES_AGGRESSIVE;
				CLANG_CXX_LANGUAGE_STANDARD = "gnu++17";
				CLANG_CXX_LIBRARY = "libc++";
				CLANG_ENABLE_MODULES = YES;
				CLANG_ENABLE_OBJC_ARC = YES;
				CLANG_ENABLE_OBJC_WEAK = YES;
				CLANG_WARN_BLOCK_CAPTURE_AUTORELEASING = YES;
				CLANG_WARN_BOOL_CONVERSION = YES;
				CLANG_WARN_COMMA = YES;
				CLANG_WARN_CONSTANT_CONVERSION = YES;
				CLANG_WARN_DEPRECATED_OBJC_IMPLEMENTATIONS = YES;
				CLANG_WARN_DIRECT_OBJC_ISA_USAGE = YES_ERROR;
				CLANG_WARN_DOCUMENTATION_COMMENTS = YES;
				CLANG_WARN_EMPTY_BODY = YES;
				CLANG_WARN_ENUM_CONVERSION = YES;
				CLANG_WARN_INFINITE_RECURSION = YES;
				CLANG_WARN_INT_CONVERSION = YES;
				CLANG_WARN_NON_LITERAL_NULL_CONVERSION = YES;
				CLANG_WARN_OBJC_IMPLICIT_RETAIN_SELF = YES;
				CLANG_WARN_OBJC_LITERAL_CONVERSION = YES;
				CLANG_WARN_OBJC_ROOT_CLASS = YES_ERROR;
				CLANG_WARN_QUOTED_INCLUDE_IN_FRAMEWORK_HEADER = YES;
				CLANG_WARN_RANGE_LOOP_ANALYSIS = YES;
				CLANG_WARN_STRICT_PROTOTYPES = YES;
				CLANG_WARN_SUSPICIOUS_MOVE = YES;
				CLANG_WARN_UNGUARDED_AVAILABILITY = YES_AGGRESSIVE;
				CLANG_WARN_UNREACHABLE_CODE = YES;
				CLANG_WARN__DUPLICATE_METHOD_MATCH = YES;
				COPY_PHASE_STRIP = NO;
				DEBUG_INFORMATION_FORMAT = "dwarf-with-dsym";
				ENABLE_NS_ASSERTIONS = NO;
				ENABLE_STRICT_OBJC_MSGSEND = YES;
				GCC_C_LANGUAGE_STANDARD = gnu11;
				GCC_NO_COMMON_BLOCKS = YES;
				GCC_WARN_64_TO_32_BIT_CONVERSION = YES;
				GCC_WARN_ABOUT_RETURN_TYPE = YES_ERROR;
				GCC_WARN_UNDECLARED_SELECTOR = YES;
				GCC_WARN_UNINITIALIZED_AUTOS = YES_AGGRESSIVE;
				GCC_WARN_UNUSED_FUNCTION = YES;
				GCC_WARN_UNUSED_VARIABLE = YES;
				IPHONEOS_DEPLOYMENT_TARGET = 15.0;
				MTL_ENABLE_DEBUG_INFO = NO;
				MTL_FAST_MATH = YES;
				SDKROOT = iphoneos;
				SWIFT_COMPILATION_MODE = wholemodule;
				SWIFT_OPTIMIZATION_LEVEL = "-O";
				VALIDATE_PRODUCT = YES;
			};
			name = Release;
		};
		686B3D0C273FB91600A7550A /* Debug */ = {
			isa = XCBuildConfiguration;
			buildSettings = {
				ASSETCATALOG_COMPILER_APPICON_NAME = AppIcon;
				ASSETCATALOG_COMPILER_GLOBAL_ACCENT_COLOR_NAME = AccentColor;
				CODE_SIGN_STYLE = Automatic;
				CURRENT_PROJECT_VERSION = 1;
				DEVELOPMENT_TEAM = 5UT44ZH347;
				GENERATE_INFOPLIST_FILE = YES;
				INFOPLIST_FILE = WeekDayFinder/Info.plist;
				INFOPLIST_KEY_UIApplicationSupportsIndirectInputEvents = YES;
				INFOPLIST_KEY_UILaunchStoryboardName = LaunchScreen;
				INFOPLIST_KEY_UIMainStoryboardFile = Main;
				INFOPLIST_KEY_UISupportedInterfaceOrientations_iPad = "UIInterfaceOrientationPortrait UIInterfaceOrientationPortraitUpsideDown UIInterfaceOrientationLandscapeLeft UIInterfaceOrientationLandscapeRight";
				INFOPLIST_KEY_UISupportedInterfaceOrientations_iPhone = "UIInterfaceOrientationPortrait UIInterfaceOrientationLandscapeLeft UIInterfaceOrientationLandscapeRight";
				IPHONEOS_DEPLOYMENT_TARGET = 15.0;
				LD_RUNPATH_SEARCH_PATHS = (
					"$(inherited)",
					"@executable_path/Frameworks",
				);
				MARKETING_VERSION = 1.0.0;
				PRODUCT_BUNDLE_IDENTIFIER = "com.up-co.WeekDayFinder";
				PRODUCT_NAME = "$(TARGET_NAME)";
				SWIFT_EMIT_LOC_STRINGS = YES;
				SWIFT_VERSION = 5.0;
				TARGETED_DEVICE_FAMILY = "1,2";
			};
			name = Debug;
		};
		686B3D0D273FB91600A7550A /* Release */ = {
			isa = XCBuildConfiguration;
			buildSettings = {
				ASSETCATALOG_COMPILER_APPICON_NAME = AppIcon;
				ASSETCATALOG_COMPILER_GLOBAL_ACCENT_COLOR_NAME = AccentColor;
				CODE_SIGN_STYLE = Automatic;
				CURRENT_PROJECT_VERSION = 1;
				DEVELOPMENT_TEAM = 5UT44ZH347;
				GENERATE_INFOPLIST_FILE = YES;
				INFOPLIST_FILE = WeekDayFinder/Info.plist;
				INFOPLIST_KEY_UIApplicationSupportsIndirectInputEvents = YES;
				INFOPLIST_KEY_UILaunchStoryboardName = LaunchScreen;
				INFOPLIST_KEY_UIMainStoryboardFile = Main;
				INFOPLIST_KEY_UISupportedInterfaceOrientations_iPad = "UIInterfaceOrientationPortrait UIInterfaceOrientationPortraitUpsideDown UIInterfaceOrientationLandscapeLeft UIInterfaceOrientationLandscapeRight";
				INFOPLIST_KEY_UISupportedInterfaceOrientations_iPhone = "UIInterfaceOrientationPortrait UIInterfaceOrientationLandscapeLeft UIInterfaceOrientationLandscapeRight";
				IPHONEOS_DEPLOYMENT_TARGET = 15.0;
				LD_RUNPATH_SEARCH_PATHS = (
					"$(inherited)",
					"@executable_path/Frameworks",
				);
				MARKETING_VERSION = 1.0.0;
				PRODUCT_BUNDLE_IDENTIFIER = "com.up-co.WeekDayFinder";
				PRODUCT_NAME = "$(TARGET_NAME)";
				SWIFT_EMIT_LOC_STRINGS = YES;
				SWIFT_VERSION = 5.0;
				TARGETED_DEVICE_FAMILY = "1,2";
			};
			name = Release;
		};
/* End XCBuildConfiguration section */

/* Begin XCConfigurationList section */
		686B3CF2273FB91500A7550A /* Build configuration list for PBXProject "WeekDayFinder" */ = {
			isa = XCConfigurationList;
			buildConfigurations = (
				686B3D09273FB91600A7550A /* Debug */,
				686B3D0A273FB91600A7550A /* Release */,
			);
			defaultConfigurationIsVisible = 0;
			defaultConfigurationName = Release;
		};
		686B3D0B273FB91600A7550A /* Build configuration list for PBXNativeTarget "WeekDayFinder" */ = {
			isa = XCConfigurationList;
			buildConfigurations = (
				686B3D0C273FB91600A7550A /* Debug */,
				686B3D0D273FB91600A7550A /* Release */,
			);
			defaultConfigurationIsVisible = 0;
			defaultConfigurationName = Release;
		};
/* End XCConfigurationList section */
	};
	rootObject = 686B3CEF273FB91500A7550A /* Project object */;
}
